
Microsoft Visual Studio Solution File, Format Version 12.00
# Visual Studio Version 16
VisualStudioVersion = 16.0.30204.135
MinimumVisualStudioVersion = 10.0.40219.1
Project("{FAE04EC0-301F-11D3-BF4B-00C04F79EFBC}") = "OMG_AP", "OMG_AP\OMG_AP.csproj", "{49AA2853-5B7C-4CC9-A8FE-F01C2864A2FC}"
EndProject
Global
	GlobalSection(SolutionConfigurationPlatforms) = preSolution
		Debug|Any CPU = Debug|Any CPU
		Release|Any CPU = Release|Any CPU
	EndGlobalSection
	GlobalSection(ProjectConfigurationPlatforms) = postSolution
		{49AA2853-5B7C-4CC9-A8FE-F01C2864A2FC}.Debug|Any CPU.ActiveCfg = Debug|Any CPU
		{49AA2853-5B7C-4CC9-A8FE-F01C2864A2FC}.Debug|Any CPU.Build.0 = Debug|Any CPU
		{49AA2853-5B7C-4CC9-A8FE-F01C2864A2FC}.Release|Any CPU.ActiveCfg = Release|Any CPU
		{49AA2853-5B7C-4CC9-A8FE-F01C2864A2FC}.Release|Any CPU.Build.0 = Release|Any CPU
	EndGlobalSection
	GlobalSection(SolutionProperties) = preSolution
		HideSolutionNode = FALSE
	EndGlobalSection
	GlobalSection(ExtensibilityGlobals) = postSolution
		SolutionGuid = {A8434B30-0D08-4CBB-A156-8FBD0571130A}
	EndGlobalSection
EndGlobal
